Microsoft Visual Studio Solution File, Format Version 7.00
Project("{8BC9CEB8-8B4A-11D0-8D11-00A0C91BC942}") = "Encryption", "Encryption\Encryption.vcproj", "{EFD30621-60D9-4400-BCC9-355F91651D01}"
EndProject
Project("{8BC9CEB8-8B4A-11D0-8D11-00A0C91BC942}") = "Injection", "Injection\Injection.vcproj", "{FD67BCAB-EDDA-43CB-8827-699170C026B2}"
EndProject
Project("{8BC9CEB8-8B4A-11D0-8D11-00A0C91BC942}") = "LoaderDLL", "LoaderDLL\LoaderDLL.vcproj", "{54B9EF11-D2C9-4A84-9045-403D17A945F3}"
EndProject
Project("{8BC9CEB8-8B4A-11D0-8D11-00A0C91BC942}") = "MultiUO", "MultiUO\MultiUO.vcproj", "{93D4CD1C-272A-4015-ACC2-7FC0F60B6A08}"
EndProject
Project("{8BC9CEB8-8B4A-11D0-8D11-00A0C91BC942}") = "UOInjection", "Launcher\UOInjection.vcproj", "{E80B4735-374B-40DF-8C77-ABA271DC3213}"
EndProject
Project("{8BC9CEB8-8B4A-11D0-8D11-00A0C91BC942}") = "Environ", "Environ\Environ.vcproj", "{806F971B-30CB-4B95-AA4B-714891A068E0}"
EndProject
Project("{54435603-DBB4-11D2-8724-00A0C9A8B90C}") = "Install", "Install\Install.vdproj", "{02BB463D-D2DD-481C-A508-A969883FB32B}"
EndProject
Global
	GlobalSection(SolutionConfiguration) = preSolution
		ConfigName.0 = Debug
		ConfigName.1 = Release
	EndGlobalSection
	GlobalSection(ProjectDependencies) = postSolution
		{EFD30621-60D9-4400-BCC9-355F91651D01}.0 = {FD67BCAB-EDDA-43CB-8827-699170C026B2}
		{EFD30621-60D9-4400-BCC9-355F91651D01}.1 = {54B9EF11-D2C9-4A84-9045-403D17A945F3}
		{FD67BCAB-EDDA-43CB-8827-699170C026B2}.0 = {54B9EF11-D2C9-4A84-9045-403D17A945F3}
		{54B9EF11-D2C9-4A84-9045-403D17A945F3}.0 = {E80B4735-374B-40DF-8C77-ABA271DC3213}
		{93D4CD1C-272A-4015-ACC2-7FC0F60B6A08}.0 = {EFD30621-60D9-4400-BCC9-355F91651D01}
		{93D4CD1C-272A-4015-ACC2-7FC0F60B6A08}.1 = {FD67BCAB-EDDA-43CB-8827-699170C026B2}
		{806F971B-30CB-4B95-AA4B-714891A068E0}.0 = {EFD30621-60D9-4400-BCC9-355F91651D01}
		{806F971B-30CB-4B95-AA4B-714891A068E0}.1 = {FD67BCAB-EDDA-43CB-8827-699170C026B2}
		{806F971B-30CB-4B95-AA4B-714891A068E0}.2 = {54B9EF11-D2C9-4A84-9045-403D17A945F3}
	EndGlobalSection
	GlobalSection(ProjectConfiguration) = postSolution
		{EFD30621-60D9-4400-BCC9-355F91651D01}.Debug.ActiveCfg = Debug|Win32
		{EFD30621-60D9-4400-BCC9-355F91651D01}.Debug.Build.0 = Debug|Win32
		{EFD30621-60D9-4400-BCC9-355F91651D01}.Release.ActiveCfg = Release|Win32
		{EFD30621-60D9-4400-BCC9-355F91651D01}.Release.Build.0 = Release|Win32
		{FD67BCAB-EDDA-43CB-8827-699170C026B2}.Debug.ActiveCfg = Debug|Win32
		{FD67BCAB-EDDA-43CB-8827-699170C026B2}.Debug.Build.0 = Debug|Win32
		{FD67BCAB-EDDA-43CB-8827-699170C026B2}.Release.ActiveCfg = Release|Win32
		{FD67BCAB-EDDA-43CB-8827-699170C026B2}.Release.Build.0 = Release|Win32
		{54B9EF11-D2C9-4A84-9045-403D17A945F3}.Debug.ActiveCfg = Debug|Win32
		{54B9EF11-D2C9-4A84-9045-403D17A945F3}.Debug.Build.0 = Debug|Win32
		{54B9EF11-D2C9-4A84-9045-403D17A945F3}.Release.ActiveCfg = Release|Win32
		{54B9EF11-D2C9-4A84-9045-403D17A945F3}.Release.Build.0 = Release|Win32
		{93D4CD1C-272A-4015-ACC2-7FC0F60B6A08}.Debug.ActiveCfg = Debug|Win32
		{93D4CD1C-272A-4015-ACC2-7FC0F60B6A08}.Debug.Build.0 = Debug|Win32
		{93D4CD1C-272A-4015-ACC2-7FC0F60B6A08}.Release.ActiveCfg = Release|Win32
		{93D4CD1C-272A-4015-ACC2-7FC0F60B6A08}.Release.Build.0 = Release|Win32
		{E80B4735-374B-40DF-8C77-ABA271DC3213}.Debug.ActiveCfg = Debug|Win32
		{E80B4735-374B-40DF-8C77-ABA271DC3213}.Debug.Build.0 = Debug|Win32
		{E80B4735-374B-40DF-8C77-ABA271DC3213}.Release.ActiveCfg = Release|Win32
		{E80B4735-374B-40DF-8C77-ABA271DC3213}.Release.Build.0 = Release|Win32
		{806F971B-30CB-4B95-AA4B-714891A068E0}.Debug.ActiveCfg = Debug|Win32
		{806F971B-30CB-4B95-AA4B-714891A068E0}.Debug.Build.0 = Debug|Win32
		{806F971B-30CB-4B95-AA4B-714891A068E0}.Release.ActiveCfg = Release|Win32
		{806F971B-30CB-4B95-AA4B-714891A068E0}.Release.Build.0 = Release|Win32
		{02BB463D-D2DD-481C-A508-A969883FB32B}.Debug.ActiveCfg = Debug
		{02BB463D-D2DD-481C-A508-A969883FB32B}.Release.ActiveCfg = Release
	EndGlobalSection
	GlobalSection(ExtensibilityGlobals) = postSolution
	EndGlobalSection
	GlobalSection(ExtensibilityAddIns) = postSolution
	EndGlobalSection
EndGlobal
